
Microsoft Visual Studio Solution File, Format Version 12.00
# Visual Studio Version 17
VisualStudioVersion = 17.1.32228.430
MinimumVisualStudioVersion = 10.0.40219.1
Project("{8BC9CEB8-8B4A-11D0-8D11-00A0C91BC942}") = "LR_1_Console", "LR_1_Console\LR_1_Console.vcxproj", "{76C16FBE-EF3F-4B68-908B-AA1E7A5E2041}"
EndProject
Project("{8BC9CEB8-8B4A-11D0-8D11-00A0C91BC942}") = "LR_1", "..\LR_1\LR_1\LR_1.vcxproj", "{0565F026-B981-44F3-88CF-7905C59C8D32}"
EndProject
Global
	GlobalSection(SolutionConfigurationPlatforms) = preSolution
		Debug|x64 = Debug|x64
		Debug|x86 = Debug|x86
		Release|x64 = Release|x64
		Release|x86 = Release|x86
	EndGlobalSection
	GlobalSection(ProjectConfigurationPlatforms) = postSolution
		{76C16FBE-EF3F-4B68-908B-AA1E7A5E2041}.Debug|x64.ActiveCfg = Debug|x64
		{76C16FBE-EF3F-4B68-908B-AA1E7A5E2041}.Debug|x64.Build.0 = Debug|x64
		{76C16FBE-EF3F-4B68-908B-AA1E7A5E2041}.Debug|x86.ActiveCfg = Debug|Win32
		{76C16FBE-EF3F-4B68-908B-AA1E7A5E2041}.Debug|x86.Build.0 = Debug|Win32
		{76C16FBE-EF3F-4B68-908B-AA1E7A5E2041}.Release|x64.ActiveCfg = Release|x64
		{76C16FBE-EF3F-4B68-908B-AA1E7A5E2041}.Release|x64.Build.0 = Release|x64
		{76C16FBE-EF3F-4B68-908B-AA1E7A5E2041}.Release|x86.ActiveCfg = Release|Win32
		{76C16FBE-EF3F-4B68-908B-AA1E7A5E2041}.Release|x86.Build.0 = Release|Win32
		{0565F026-B981-44F3-88CF-7905C59C8D32}.Debug|x64.ActiveCfg = Debug|x64
		{0565F026-B981-44F3-88CF-7905C59C8D32}.Debug|x64.Build.0 = Debug|x64
		{0565F026-B981-44F3-88CF-7905C59C8D32}.Debug|x86.ActiveCfg = Debug|Win32
		{0565F026-B981-44F3-88CF-7905C59C8D32}.Debug|x86.Build.0 = Debug|Win32
		{0565F026-B981-44F3-88CF-7905C59C8D32}.Release|x64.ActiveCfg = Release|x64
		{0565F026-B981-44F3-88CF-7905C59C8D32}.Release|x64.Build.0 = Release|x64
		{0565F026-B981-44F3-88CF-7905C59C8D32}.Release|x86.ActiveCfg = Release|Win32
		{0565F026-B981-44F3-88CF-7905C59C8D32}.Release|x86.Build.0 = Release|Win32
	EndGlobalSection
	GlobalSection(SolutionProperties) = preSolution
		HideSolutionNode = FALSE
	EndGlobalSection
	GlobalSection(ExtensibilityGlobals) = postSolution
		SolutionGuid = {4B1D2593-C612-4424-84D5-8A9FBB5E4E66}
	EndGlobalSection
EndGlobal
